
Microsoft Visual Studio Solution File, Format Version 12.00
# Visual Studio Version 17
VisualStudioVersion = 17.7.34202.233
MinimumVisualStudioVersion = 10.0.40219.1
Project("{FAE04EC0-301F-11D3-BF4B-00C04F79EFBC}") = "QuanLyChiTieu", "QuanLyChiTieu\QuanLyChiTieu.csproj", "{D5C6F548-544E-450E-8465-93148EA794DA}"
EndProject
Global
	GlobalSection(SolutionConfigurationPlatforms) = preSolution
		Debug|Any CPU = Debug|Any CPU
		Release|Any CPU = Release|Any CPU
	EndGlobalSection
	GlobalSection(ProjectConfigurationPlatforms) = postSolution
		{D5C6F548-544E-450E-8465-93148EA794DA}.Debug|Any CPU.ActiveCfg = Debug|Any CPU
		{D5C6F548-544E-450E-8465-93148EA794DA}.Debug|Any CPU.Build.0 = Debug|Any CPU
		{D5C6F548-544E-450E-8465-93148EA794DA}.Release|Any CPU.ActiveCfg = Release|Any CPU
		{D5C6F548-544E-450E-8465-93148EA794DA}.Release|Any CPU.Build.0 = Release|Any CPU
	EndGlobalSection
	GlobalSection(SolutionProperties) = preSolution
		HideSolutionNode = FALSE
	EndGlobalSection
	GlobalSection(ExtensibilityGlobals) = postSolution
		SolutionGuid = {49AFCAD7-12BD-4706-A24F-D08450126D9E}
	EndGlobalSection
EndGlobal
